<?xml version="1.0" encoding="UTF-8"?>
<!DOCTYPE plist PUBLIC "-//Apple//DTD PLIST 1.0//EN" "http://www.apple.com/DTDs/PropertyList-1.0.dtd">
<plist version="1.0">
<dict>
	<key>archiveVersion</key>
	<string>1</string>
	<key>classes</key>
	<dict/>
	<key>objectVersion</key>
	<string>46</string>
	<key>objects</key>
	<dict>
		<key>0C2A1E5E1A6DE7CD00FE44F1</key>
		<dict>
			<key>isa</key>
			<string>PBXFileReference</string>
			<key>lastKnownFileType</key>
			<string>image.png</string>
			<key>path</key>
			<string>startTemplate.png</string>
			<key>sourceTree</key>
			<string>&lt;group&gt;</string>
		</dict>
		<key>0C2A1E5F1A6DE7CD00FE44F1</key>
		<dict>
			<key>fileRef</key>
			<string>0C2A1E5E1A6DE7CD00FE44F1</string>
			<key>isa</key>
			<string>PBXBuildFile</string>
		</dict>
		<key>0C838D681A6DE1E700CE0C9A</key>
		<dict>
			<key>children</key>
			<array>
				<string>0C838D731A6DE1E700CE0C9A</string>
				<string>0C838D901A6DE1E700CE0C9A</string>
				<string>0C838D721A6DE1E700CE0C9A</string>
				<string>E065F2DC50A6B3E42FACF984</string>
				<string>39CA4AD1A6318D9AE21D070B</string>
			</array>
			<key>isa</key>
			<string>PBXGroup</string>
			<key>sourceTree</key>
			<string>&lt;group&gt;</string>
		</dict>
		<key>0C838D691A6DE1E700CE0C9A</key>
		<dict>
			<key>attributes</key>
			<dict>
				<key>LastUpgradeCheck</key>
				<string>0610</string>
				<key>ORGANIZATIONNAME</key>
				<string>Beyondcow</string>
				<key>TargetAttributes</key>
				<dict>
					<key>0C838D701A6DE1E700CE0C9A</key>
					<dict>
						<key>CreatedOnToolsVersion</key>
						<string>6.1.1</string>
					</dict>
					<key>0C838D8C1A6DE1E700CE0C9A</key>
					<dict>
						<key>CreatedOnToolsVersion</key>
						<string>6.1.1</string>
						<key>TestTargetID</key>
						<string>0C838D701A6DE1E700CE0C9A</string>
					</dict>
				</dict>
			</dict>
			<key>buildConfigurationList</key>
			<string>0C838D6C1A6DE1E700CE0C9A</string>
			<key>compatibilityVersion</key>
			<string>Xcode 3.2</string>
			<key>developmentRegion</key>
			<string>English</string>
			<key>hasScannedForEncodings</key>
			<string>0</string>
			<key>isa</key>
			<string>PBXProject</string>
			<key>knownRegions</key>
			<array>
				<string>en</string>
				<string>Base</string>
			</array>
			<key>mainGroup</key>
			<string>0C838D681A6DE1E700CE0C9A</string>
			<key>productRefGroup</key>
			<string>0C838D721A6DE1E700CE0C9A</string>
			<key>projectDirPath</key>
			<string></string>
			<key>projectReferences</key>
			<array/>
			<key>projectRoot</key>
			<string></string>
			<key>targets</key>
			<array>
				<string>0C838D701A6DE1E700CE0C9A</string>
				<string>0C838D8C1A6DE1E700CE0C9A</string>
			</array>
		</dict>
		<key>0C838D6C1A6DE1E700CE0C9A</key>
		<dict>
			<key>buildConfigurations</key>
			<array>
				<string>0C838D951A6DE1E700CE0C9A</string>
				<string>0C838D961A6DE1E700CE0C9A</string>
			</array>
			<key>defaultConfigurationIsVisible</key>
			<string>0</string>
			<key>defaultConfigurationName</key>
			<string>Release</string>
			<key>isa</key>
			<string>XCConfigurationList</string>
		</dict>
		<key>0C838D6D1A6DE1E700CE0C9A</key>
		<dict>
			<key>buildActionMask</key>
			<string>2147483647</string>
			<key>files</key>
			<array>
				<string>A7EF5E821A6DF21B005CB89D</string>
				<string>0C838D831A6DE1E700CE0C9A</string>
				<string>0C838D7D1A6DE1E700CE0C9A</string>
				<string>A7EF5E851A6E4143005CB89D</string>
				<string>0C838D7A1A6DE1E700CE0C9A</string>
				<string>0C838D781A6DE1E700CE0C9A</string>
			</array>
			<key>isa</key>
			<string>PBXSourcesBuildPhase</string>
			<key>runOnlyForDeploymentPostprocessing</key>
			<string>0</string>
		</dict>
		<key>0C838D6E1A6DE1E700CE0C9A</key>
		<dict>
			<key>buildActionMask</key>
			<string>2147483647</string>
			<key>files</key>
			<array>
				<string>57768C7723AF0F0F99CCCD0B</string>
			</array>
			<key>isa</key>
			<string>PBXFrameworksBuildPhase</string>
			<key>runOnlyForDeploymentPostprocessing</key>
			<string>0</string>
		</dict>
		<key>0C838D6F1A6DE1E700CE0C9A</key>
		<dict>
			<key>buildActionMask</key>
			<string>2147483647</string>
			<key>files</key>
			<array>
				<string>0C838D801A6DE1E700CE0C9A</string>
				<string>0C838D851A6DE1E700CE0C9A</string>
				<string>0C2A1E5F1A6DE7CD00FE44F1</string>
				<string>0C838D881A6DE1E700CE0C9A</string>
			</array>
			<key>isa</key>
			<string>PBXResourcesBuildPhase</string>
			<key>runOnlyForDeploymentPostprocessing</key>
			<string>0</string>
		</dict>
		<key>0C838D701A6DE1E700CE0C9A</key>
		<dict>
			<key>buildConfigurationList</key>
			<string>0C838D971A6DE1E700CE0C9A</string>
			<key>buildPhases</key>
			<array>
				<string>803EF46B4EE9EE50CA0479E8</string>
				<string>0C838D6D1A6DE1E700CE0C9A</string>
				<string>0C838D6E1A6DE1E700CE0C9A</string>
				<string>0C838D6F1A6DE1E700CE0C9A</string>
				<string>A7EF5E881A6E48F5005CB89D</string>
				<string>E0F32111C6D3C2F9C66F056D</string>
			</array>
			<key>buildRules</key>
			<array/>
			<key>dependencies</key>
			<array/>
			<key>isa</key>
			<string>PBXNativeTarget</string>
			<key>name</key>
			<string>WebCrawler</string>
			<key>productName</key>
			<string>WebCrawler</string>
			<key>productReference</key>
			<string>0C838D711A6DE1E700CE0C9A</string>
			<key>productType</key>
			<string>com.apple.product-type.application</string>
		</dict>
		<key>0C838D711A6DE1E700CE0C9A</key>
		<dict>
			<key>explicitFileType</key>
			<string>wrapper.application</string>
			<key>includeInIndex</key>
			<string>0</string>
			<key>isa</key>
			<string>PBXFileReference</string>
			<key>path</key>
			<string>WebCrawler.app</string>
			<key>sourceTree</key>
			<string>BUILT_PRODUCTS_DIR</string>
		</dict>
		<key>0C838D721A6DE1E700CE0C9A</key>
		<dict>
			<key>children</key>
			<array>
				<string>0C838D711A6DE1E700CE0C9A</string>
				<string>0C838D8D1A6DE1E700CE0C9A</string>
			</array>
			<key>isa</key>
			<string>PBXGroup</string>
			<key>name</key>
			<string>Products</string>
			<key>sourceTree</key>
			<string>&lt;group&gt;</string>
		</dict>
		<key>0C838D731A6DE1E700CE0C9A</key>
		<dict>
			<key>children</key>
			<array>
				<string>A7EF5E831A6E4143005CB89D</string>
				<string>A7EF5E841A6E4143005CB89D</string>
				<string>0C838D761A6DE1E700CE0C9A</string>
				<string>0C838D771A6DE1E700CE0C9A</string>
				<string>A7EF5E801A6DF21B005CB89D</string>
				<string>A7EF5E811A6DF21B005CB89D</string>
				<string>0C838D7B1A6DE1E700CE0C9A</string>
				<string>0C838D7C1A6DE1E700CE0C9A</string>
				<string>0C838D7E1A6DE1E700CE0C9A</string>
				<string>0C838D841A6DE1E700CE0C9A</string>
				<string>0C838D861A6DE1E700CE0C9A</string>
				<string>0C838D811A6DE1E700CE0C9A</string>
				<string>0C838D741A6DE1E700CE0C9A</string>
			</array>
			<key>isa</key>
			<string>PBXGroup</string>
			<key>path</key>
			<string>WebCrawler</string>
			<key>sourceTree</key>
			<string>&lt;group&gt;</string>
		</dict>
		<key>0C838D741A6DE1E700CE0C9A</key>
		<dict>
			<key>children</key>
			<array>
				<string>0C2A1E5E1A6DE7CD00FE44F1</string>
				<string>0C838D751A6DE1E700CE0C9A</string>
				<string>0C838D791A6DE1E700CE0C9A</string>
			</array>
			<key>isa</key>
			<string>PBXGroup</string>
			<key>name</key>
			<string>Supporting Files</string>
			<key>sourceTree</key>
			<string>&lt;group&gt;</string>
		</dict>
		<key>0C838D751A6DE1E700CE0C9A</key>
		<dict>
			<key>isa</key>
			<string>PBXFileReference</string>
			<key>lastKnownFileType</key>
			<string>text.plist.xml</string>
			<key>path</key>
			<string>Info.plist</string>
			<key>sourceTree</key>
			<string>&lt;group&gt;</string>
		</dict>
		<key>0C838D761A6DE1E700CE0C9A</key>
		<dict>
			<key>isa</key>
			<string>PBXFileReference</string>
			<key>lastKnownFileType</key>
			<string>sourcecode.c.h</string>
			<key>path</key>
			<string>AppDelegate.h</string>
			<key>sourceTree</key>
			<string>&lt;group&gt;</string>
		</dict>
		<key>0C838D771A6DE1E700CE0C9A</key>
		<dict>
			<key>isa</key>
			<string>PBXFileReference</string>
			<key>lastKnownFileType</key>
			<string>sourcecode.c.objc</string>
			<key>path</key>
			<string>AppDelegate.m</string>
			<key>sourceTree</key>
			<string>&lt;group&gt;</string>
		</dict>
		<key>0C838D781A6DE1E700CE0C9A</key>
		<dict>
			<key>fileRef</key>
			<string>0C838D771A6DE1E700CE0C9A</string>
			<key>isa</key>
			<string>PBXBuildFile</string>
		</dict>
		<key>0C838D791A6DE1E700CE0C9A</key>
		<dict>
			<key>isa</key>
			<string>PBXFileReference</string>
			<key>lastKnownFileType</key>
			<string>sourcecode.c.objc</string>
			<key>path</key>
			<string>main.m</string>
			<key>sourceTree</key>
			<string>&lt;group&gt;</string>
		</dict>
		<key>0C838D7A1A6DE1E700CE0C9A</key>
		<dict>
			<key>fileRef</key>
			<string>0C838D791A6DE1E700CE0C9A</string>
			<key>isa</key>
			<string>PBXBuildFile</string>
		</dict>
		<key>0C838D7B1A6DE1E700CE0C9A</key>
		<dict>
			<key>isa</key>
			<string>PBXFileReference</string>
			<key>lastKnownFileType</key>
			<string>sourcecode.c.h</string>
			<key>path</key>
			<string>Document.h</string>
			<key>sourceTree</key>
			<string>&lt;group&gt;</string>
		</dict>
		<key>0C838D7C1A6DE1E700CE0C9A</key>
		<dict>
			<key>isa</key>
			<string>PBXFileReference</string>
			<key>lastKnownFileType</key>
			<string>sourcecode.c.objc</string>
			<key>path</key>
			<string>Document.m</string>
			<key>sourceTree</key>
			<string>&lt;group&gt;</string>
		</dict>
		<key>0C838D7D1A6DE1E700CE0C9A</key>
		<dict>
			<key>fileRef</key>
			<string>0C838D7C1A6DE1E700CE0C9A</string>
			<key>isa</key>
			<string>PBXBuildFile</string>
		</dict>
		<key>0C838D7E1A6DE1E700CE0C9A</key>
		<dict>
			<key>children</key>
			<array>
				<string>0C838D7F1A6DE1E700CE0C9A</string>
			</array>
			<key>isa</key>
			<string>PBXVariantGroup</string>
			<key>name</key>
			<string>Document.xib</string>
			<key>sourceTree</key>
			<string>&lt;group&gt;</string>
		</dict>
		<key>0C838D7F1A6DE1E700CE0C9A</key>
		<dict>
			<key>isa</key>
			<string>PBXFileReference</string>
			<key>lastKnownFileType</key>
			<string>file.xib</string>
			<key>name</key>
			<string>Base</string>
			<key>path</key>
			<string>Base.lproj/Document.xib</string>
			<key>sourceTree</key>
			<string>&lt;group&gt;</string>
		</dict>
		<key>0C838D801A6DE1E700CE0C9A</key>
		<dict>
			<key>fileRef</key>
			<string>0C838D7E1A6DE1E700CE0C9A</string>
			<key>isa</key>
			<string>PBXBuildFile</string>
		</dict>
		<key>0C838D811A6DE1E700CE0C9A</key>
		<dict>
			<key>children</key>
			<array>
				<string>0C838D821A6DE1E700CE0C9A</string>
			</array>
			<key>currentVersion</key>
			<string>0C838D821A6DE1E700CE0C9A</string>
			<key>isa</key>
			<string>XCVersionGroup</string>
			<key>path</key>
			<string>Document.xcdatamodeld</string>
			<key>sourceTree</key>
			<string>&lt;group&gt;</string>
			<key>versionGroupType</key>
			<string>wrapper.xcdatamodel</string>
		</dict>
		<key>0C838D821A6DE1E700CE0C9A</key>
		<dict>
			<key>isa</key>
			<string>PBXFileReference</string>
			<key>lastKnownFileType</key>
			<string>wrapper.xcdatamodel</string>
			<key>path</key>
			<string>Document.xcdatamodel</string>
			<key>sourceTree</key>
			<string>&lt;group&gt;</string>
		</dict>
		<key>0C838D831A6DE1E700CE0C9A</key>
		<dict>
			<key>fileRef</key>
			<string>0C838D811A6DE1E700CE0C9A</string>
			<key>isa</key>
			<string>PBXBuildFile</string>
		</dict>
		<key>0C838D841A6DE1E700CE0C9A</key>
		<dict>
			<key>isa</key>
			<string>PBXFileReference</string>
			<key>lastKnownFileType</key>
			<string>folder.assetcatalog</string>
			<key>path</key>
			<string>Images.xcassets</string>
			<key>sourceTree</key>
			<string>&lt;group&gt;</string>
		</dict>
		<key>0C838D851A6DE1E700CE0C9A</key>
		<dict>
			<key>fileRef</key>
			<string>0C838D841A6DE1E700CE0C9A</string>
			<key>isa</key>
			<string>PBXBuildFile</string>
		</dict>
		<key>0C838D861A6DE1E700CE0C9A</key>
		<dict>
			<key>children</key>
			<array>
				<string>0C838D871A6DE1E700CE0C9A</string>
			</array>
			<key>isa</key>
			<string>PBXVariantGroup</string>
			<key>name</key>
			<string>MainMenu.xib</string>
			<key>sourceTree</key>
			<string>&lt;group&gt;</string>
		</dict>
		<key>0C838D871A6DE1E700CE0C9A</key>
		<dict>
			<key>isa</key>
			<string>PBXFileReference</string>
			<key>lastKnownFileType</key>
			<string>file.xib</string>
			<key>name</key>
			<string>Base</string>
			<key>path</key>
			<string>Base.lproj/MainMenu.xib</string>
			<key>sourceTree</key>
			<string>&lt;group&gt;</string>
		</dict>
		<key>0C838D881A6DE1E700CE0C9A</key>
		<dict>
			<key>fileRef</key>
			<string>0C838D861A6DE1E700CE0C9A</string>
			<key>isa</key>
			<string>PBXBuildFile</string>
		</dict>
		<key>0C838D891A6DE1E700CE0C9A</key>
		<dict>
			<key>buildActionMask</key>
			<string>2147483647</string>
			<key>files</key>
			<array>
				<string>0C838D941A6DE1E700CE0C9A</string>
			</array>
			<key>isa</key>
			<string>PBXSourcesBuildPhase</string>
			<key>runOnlyForDeploymentPostprocessing</key>
			<string>0</string>
		</dict>
		<key>0C838D8A1A6DE1E700CE0C9A</key>
		<dict>
			<key>buildActionMask</key>
			<string>2147483647</string>
			<key>files</key>
			<array/>
			<key>isa</key>
			<string>PBXFrameworksBuildPhase</string>
			<key>runOnlyForDeploymentPostprocessing</key>
			<string>0</string>
		</dict>
		<key>0C838D8B1A6DE1E700CE0C9A</key>
		<dict>
			<key>buildActionMask</key>
			<string>2147483647</string>
			<key>files</key>
			<array/>
			<key>isa</key>
			<string>PBXResourcesBuildPhase</string>
			<key>runOnlyForDeploymentPostprocessing</key>
			<string>0</string>
		</dict>
		<key>0C838D8C1A6DE1E700CE0C9A</key>
		<dict>
			<key>buildConfigurationList</key>
			<string>0C838D9A1A6DE1E700CE0C9A</string>
			<key>buildPhases</key>
			<array>
				<string>0C838D891A6DE1E700CE0C9A</string>
				<string>0C838D8A1A6DE1E700CE0C9A</string>
				<string>0C838D8B1A6DE1E700CE0C9A</string>
			</array>
			<key>buildRules</key>
			<array/>
			<key>dependencies</key>
			<array>
				<string>0C838D8F1A6DE1E700CE0C9A</string>
			</array>
			<key>isa</key>
			<string>PBXNativeTarget</string>
			<key>name</key>
			<string>WebCrawlerTests</string>
			<key>productName</key>
			<string>WebCrawlerTests</string>
			<key>productReference</key>
			<string>0C838D8D1A6DE1E700CE0C9A</string>
			<key>productType</key>
			<string>com.apple.product-type.bundle.unit-test</string>
		</dict>
		<key>0C838D8D1A6DE1E700CE0C9A</key>
		<dict>
			<key>explicitFileType</key>
			<string>wrapper.cfbundle</string>
			<key>includeInIndex</key>
			<string>0</string>
			<key>isa</key>
			<string>PBXFileReference</string>
			<key>path</key>
			<string>WebCrawlerTests.xctest</string>
			<key>sourceTree</key>
			<string>BUILT_PRODUCTS_DIR</string>
		</dict>
		<key>0C838D8E1A6DE1E700CE0C9A</key>
		<dict>
			<key>containerPortal</key>
			<string>0C838D691A6DE1E700CE0C9A</string>
			<key>isa</key>
			<string>PBXContainerItemProxy</string>
			<key>proxyType</key>
			<string>1</string>
			<key>remoteGlobalIDString</key>
			<string>0C838D701A6DE1E700CE0C9A</string>
			<key>remoteInfo</key>
			<string>WebCrawler</string>
		</dict>
		<key>0C838D8F1A6DE1E700CE0C9A</key>
		<dict>
			<key>isa</key>
			<string>PBXTargetDependency</string>
			<key>target</key>
			<string>0C838D701A6DE1E700CE0C9A</string>
			<key>targetProxy</key>
			<string>0C838D8E1A6DE1E700CE0C9A</string>
		</dict>
		<key>0C838D901A6DE1E700CE0C9A</key>
		<dict>
			<key>children</key>
			<array>
				<string>0C838D931A6DE1E700CE0C9A</string>
				<string>0C838D911A6DE1E700CE0C9A</string>
			</array>
			<key>isa</key>
			<string>PBXGroup</string>
			<key>path</key>
			<string>WebCrawlerTests</string>
			<key>sourceTree</key>
			<string>&lt;group&gt;</string>
		</dict>
		<key>0C838D911A6DE1E700CE0C9A</key>
		<dict>
			<key>children</key>
			<array>
				<string>0C838D921A6DE1E700CE0C9A</string>
			</array>
			<key>isa</key>
			<string>PBXGroup</string>
			<key>name</key>
			<string>Supporting Files</string>
			<key>sourceTree</key>
			<string>&lt;group&gt;</string>
		</dict>
		<key>0C838D921A6DE1E700CE0C9A</key>
		<dict>
			<key>isa</key>
			<string>PBXFileReference</string>
			<key>lastKnownFileType</key>
			<string>text.plist.xml</string>
			<key>path</key>
			<string>Info.plist</string>
			<key>sourceTree</key>
			<string>&lt;group&gt;</string>
		</dict>
		<key>0C838D931A6DE1E700CE0C9A</key>
		<dict>
			<key>isa</key>
			<string>PBXFileReference</string>
			<key>lastKnownFileType</key>
			<string>sourcecode.c.objc</string>
			<key>path</key>
			<string>WebCrawlerTests.m</string>
			<key>sourceTree</key>
			<string>&lt;group&gt;</string>
		</dict>
		<key>0C838D941A6DE1E700CE0C9A</key>
		<dict>
			<key>fileRef</key>
			<string>0C838D931A6DE1E700CE0C9A</string>
			<key>isa</key>
			<string>PBXBuildFile</string>
		</dict>
		<key>0C838D951A6DE1E700CE0C9A</key>
		<dict>
			<key>buildSettings</key>
			<dict>
				<key>ALWAYS_SEARCH_USER_PATHS</key>
				<string>NO</string>
				<key>CLANG_CXX_LANGUAGE_STANDARD</key>
				<string>gnu++0x</string>
				<key>CLANG_CXX_LIBRARY</key>
				<string>libc++</string>
				<key>CLANG_ENABLE_MODULES</key>
				<string>YES</string>
				<key>CLANG_ENABLE_OBJC_ARC</key>
				<string>YES</string>
				<key>CLANG_WARN_BOOL_CONVERSION</key>
				<string>YES</string>
				<key>CLANG_WARN_CONSTANT_CONVERSION</key>
				<string>YES</string>
				<key>CLANG_WARN_DIRECT_OBJC_ISA_USAGE</key>
				<string>YES_ERROR</string>
				<key>CLANG_WARN_EMPTY_BODY</key>
				<string>YES</string>
				<key>CLANG_WARN_ENUM_CONVERSION</key>
				<string>YES</string>
				<key>CLANG_WARN_INT_CONVERSION</key>
				<string>YES</string>
				<key>CLANG_WARN_OBJC_ROOT_CLASS</key>
				<string>YES_ERROR</string>
				<key>CLANG_WARN_UNREACHABLE_CODE</key>
				<string>YES</string>
				<key>CLANG_WARN__DUPLICATE_METHOD_MATCH</key>
				<string>YES</string>
				<key>CODE_SIGN_IDENTITY</key>
				<string>-</string>
				<key>COPY_PHASE_STRIP</key>
				<string>NO</string>
				<key>ENABLE_STRICT_OBJC_MSGSEND</key>
				<string>YES</string>
				<key>GCC_C_LANGUAGE_STANDARD</key>
				<string>gnu99</string>
				<key>GCC_DYNAMIC_NO_PIC</key>
				<string>NO</string>
				<key>GCC_OPTIMIZATION_LEVEL</key>
				<string>0</string>
				<key>GCC_PREPROCESSOR_DEFINITIONS</key>
				<array>
					<string>DEBUG=1</string>
					<string>$(inherited)</string>
				</array>
				<key>GCC_SYMBOLS_PRIVATE_EXTERN</key>
				<string>NO</string>
				<key>GCC_WARN_64_TO_32_BIT_CONVERSION</key>
				<string>YES</string>
				<key>GCC_WARN_ABOUT_RETURN_TYPE</key>
				<string>YES_ERROR</string>
				<key>GCC_WARN_UNDECLARED_SELECTOR</key>
				<string>YES</string>
				<key>GCC_WARN_UNINITIALIZED_AUTOS</key>
				<string>YES_AGGRESSIVE</string>
				<key>GCC_WARN_UNUSED_FUNCTION</key>
				<string>YES</string>
				<key>GCC_WARN_UNUSED_VARIABLE</key>
				<string>YES</string>
				<key>MACOSX_DEPLOYMENT_TARGET</key>
				<string>10.9</string>
				<key>MTL_ENABLE_DEBUG_INFO</key>
				<string>YES</string>
				<key>ONLY_ACTIVE_ARCH</key>
				<string>YES</string>
				<key>SDKROOT</key>
				<string>macosx</string>
			</dict>
			<key>isa</key>
			<string>XCBuildConfiguration</string>
			<key>name</key>
			<string>Debug</string>
		</dict>
		<key>0C838D961A6DE1E700CE0C9A</key>
		<dict>
			<key>buildSettings</key>
			<dict>
				<key>ALWAYS_SEARCH_USER_PATHS</key>
				<string>NO</string>
				<key>CLANG_CXX_LANGUAGE_STANDARD</key>
				<string>gnu++0x</string>
				<key>CLANG_CXX_LIBRARY</key>
				<string>libc++</string>
				<key>CLANG_ENABLE_MODULES</key>
				<string>YES</string>
				<key>CLANG_ENABLE_OBJC_ARC</key>
				<string>YES</string>
				<key>CLANG_WARN_BOOL_CONVERSION</key>
				<string>YES</string>
				<key>CLANG_WARN_CONSTANT_CONVERSION</key>
				<string>YES</string>
				<key>CLANG_WARN_DIRECT_OBJC_ISA_USAGE</key>
				<string>YES_ERROR</string>
				<key>CLANG_WARN_EMPTY_BODY</key>
				<string>YES</string>
				<key>CLANG_WARN_ENUM_CONVERSION</key>
				<string>YES</string>
				<key>CLANG_WARN_INT_CONVERSION</key>
				<string>YES</string>
				<key>CLANG_WARN_OBJC_ROOT_CLASS</key>
				<string>YES_ERROR</string>
				<key>CLANG_WARN_UNREACHABLE_CODE</key>
				<string>YES</string>
				<key>CLANG_WARN__DUPLICATE_METHOD_MATCH</key>
				<string>YES</string>
				<key>CODE_SIGN_IDENTITY</key>
				<string>-</string>
				<key>COPY_PHASE_STRIP</key>
				<string>YES</string>
				<key>DEBUG_INFORMATION_FORMAT</key>
				<string>dwarf-with-dsym</string>
				<key>ENABLE_NS_ASSERTIONS</key>
				<string>NO</string>
				<key>ENABLE_STRICT_OBJC_MSGSEND</key>
				<string>YES</string>
				<key>GCC_C_LANGUAGE_STANDARD</key>
				<string>gnu99</string>
				<key>GCC_WARN_64_TO_32_BIT_CONVERSION</key>
				<string>YES</string>
				<key>GCC_WARN_ABOUT_RETURN_TYPE</key>
				<string>YES_ERROR</string>
				<key>GCC_WARN_UNDECLARED_SELECTOR</key>
				<string>YES</string>
				<key>GCC_WARN_UNINITIALIZED_AUTOS</key>
				<string>YES_AGGRESSIVE</string>
				<key>GCC_WARN_UNUSED_FUNCTION</key>
				<string>YES</string>
				<key>GCC_WARN_UNUSED_VARIABLE</key>
				<string>YES</string>
				<key>MACOSX_DEPLOYMENT_TARGET</key>
				<string>10.9</string>
				<key>MTL_ENABLE_DEBUG_INFO</key>
				<string>NO</string>
				<key>SDKROOT</key>
				<string>macosx</string>
			</dict>
			<key>isa</key>
			<string>XCBuildConfiguration</string>
			<key>name</key>
			<string>Release</string>
		</dict>
		<key>0C838D971A6DE1E700CE0C9A</key>
		<dict>
			<key>buildConfigurations</key>
			<array>
				<string>0C838D981A6DE1E700CE0C9A</string>
				<string>0C838D991A6DE1E700CE0C9A</string>
			</array>
			<key>defaultConfigurationIsVisible</key>
			<string>0</string>
			<key>defaultConfigurationName</key>
			<string>Release</string>
			<key>isa</key>
			<string>XCConfigurationList</string>
		</dict>
		<key>0C838D981A6DE1E700CE0C9A</key>
		<dict>
			<key>baseConfigurationReference</key>
			<string>FC8D1C92450226116A53E86A</string>
			<key>buildSettings</key>
			<dict>
				<key>ASSETCATALOG_COMPILER_APPICON_NAME</key>
				<string>AppIcon</string>
				<key>COMBINE_HIDPI_IMAGES</key>
				<string>YES</string>
				<key>FRAMEWORK_SEARCH_PATHS</key>
				<array>
					<string>$(inherited)</string>
					<string>$(PROJECT_DIR)/twui-master/build/Debug</string>
				</array>
				<key>INFOPLIST_FILE</key>
				<string>WebCrawler/Info.plist</string>
				<key>LD_RUNPATH_SEARCH_PATHS</key>
				<string>$(inherited) @executable_path/../Frameworks</string>
				<key>PRODUCT_NAME</key>
				<string>$(TARGET_NAME)</string>
			</dict>
			<key>isa</key>
			<string>XCBuildConfiguration</string>
			<key>name</key>
			<string>Debug</string>
		</dict>
		<key>0C838D991A6DE1E700CE0C9A</key>
		<dict>
			<key>baseConfigurationReference</key>
			<string>F2A1250F13C1FCB7A6C10E80</string>
			<key>buildSettings</key>
			<dict>
				<key>ASSETCATALOG_COMPILER_APPICON_NAME</key>
				<string>AppIcon</string>
				<key>COMBINE_HIDPI_IMAGES</key>
				<string>YES</string>
				<key>FRAMEWORK_SEARCH_PATHS</key>
				<array>
					<string>$(inherited)</string>
					<string>$(PROJECT_DIR)/twui-master/build/Debug</string>
				</array>
				<key>INFOPLIST_FILE</key>
				<string>WebCrawler/Info.plist</string>
				<key>LD_RUNPATH_SEARCH_PATHS</key>
				<string>$(inherited) @executable_path/../Frameworks</string>
				<key>PRODUCT_NAME</key>
				<string>$(TARGET_NAME)</string>
			</dict>
			<key>isa</key>
			<string>XCBuildConfiguration</string>
			<key>name</key>
			<string>Release</string>
		</dict>
		<key>0C838D9A1A6DE1E700CE0C9A</key>
		<dict>
			<key>buildConfigurations</key>
			<array>
				<string>0C838D9B1A6DE1E700CE0C9A</string>
				<string>0C838D9C1A6DE1E700CE0C9A</string>
			</array>
			<key>defaultConfigurationIsVisible</key>
			<string>0</string>
			<key>defaultConfigurationName</key>
			<string>Release</string>
			<key>isa</key>
			<string>XCConfigurationList</string>
		</dict>
		<key>0C838D9B1A6DE1E700CE0C9A</key>
		<dict>
			<key>buildSettings</key>
			<dict>
				<key>BUNDLE_LOADER</key>
				<string>$(TEST_HOST)</string>
				<key>COMBINE_HIDPI_IMAGES</key>
				<string>YES</string>
				<key>FRAMEWORK_SEARCH_PATHS</key>
				<array>
					<string>$(DEVELOPER_FRAMEWORKS_DIR)</string>
					<string>$(inherited)</string>
				</array>
				<key>GCC_PREPROCESSOR_DEFINITIONS</key>
				<array>
					<string>DEBUG=1</string>
					<string>$(inherited)</string>
				</array>
				<key>INFOPLIST_FILE</key>
				<string>WebCrawlerTests/Info.plist</string>
				<key>LD_RUNPATH_SEARCH_PATHS</key>
				<string>$(inherited) @executable_path/../Frameworks @loader_path/../Frameworks</string>
				<key>PRODUCT_NAME</key>
				<string>$(TARGET_NAME)</string>
				<key>TEST_HOST</key>
				<string>$(BUILT_PRODUCTS_DIR)/WebCrawler.app/Contents/MacOS/WebCrawler</string>
			</dict>
			<key>isa</key>
			<string>XCBuildConfiguration</string>
			<key>name</key>
			<string>Debug</string>
		</dict>
		<key>0C838D9C1A6DE1E700CE0C9A</key>
		<dict>
			<key>buildSettings</key>
			<dict>
				<key>BUNDLE_LOADER</key>
				<string>$(TEST_HOST)</string>
				<key>COMBINE_HIDPI_IMAGES</key>
				<string>YES</string>
				<key>FRAMEWORK_SEARCH_PATHS</key>
				<array>
					<string>$(DEVELOPER_FRAMEWORKS_DIR)</string>
					<string>$(inherited)</string>
				</array>
				<key>INFOPLIST_FILE</key>
				<string>WebCrawlerTests/Info.plist</string>
				<key>LD_RUNPATH_SEARCH_PATHS</key>
				<string>$(inherited) @executable_path/../Frameworks @loader_path/../Frameworks</string>
				<key>PRODUCT_NAME</key>
				<string>$(TARGET_NAME)</string>
				<key>TEST_HOST</key>
				<string>$(BUILT_PRODUCTS_DIR)/WebCrawler.app/Contents/MacOS/WebCrawler</string>
			</dict>
			<key>isa</key>
			<string>XCBuildConfiguration</string>
			<key>name</key>
			<string>Release</string>
		</dict>
		<key>39CA4AD1A6318D9AE21D070B</key>
		<dict>
			<key>children</key>
			<array>
				<string>DCA59B132AF451CB54FAFF1E</string>
			</array>
			<key>isa</key>
			<string>PBXGroup</string>
			<key>name</key>
			<string>Frameworks</string>
			<key>sourceTree</key>
			<string>&lt;group&gt;</string>
		</dict>
		<key>57768C7723AF0F0F99CCCD0B</key>
		<dict>
			<key>fileRef</key>
			<string>DCA59B132AF451CB54FAFF1E</string>
			<key>isa</key>
			<string>PBXBuildFile</string>
		</dict>
		<key>803EF46B4EE9EE50CA0479E8</key>
		<dict>
			<key>buildActionMask</key>
			<string>2147483647</string>
			<key>files</key>
			<array/>
			<key>inputPaths</key>
			<array/>
			<key>isa</key>
			<string>PBXShellScriptBuildPhase</string>
			<key>name</key>
			<string>Check Pods Manifest.lock</string>
			<key>outputPaths</key>
			<array/>
			<key>runOnlyForDeploymentPostprocessing</key>
			<string>0</string>
			<key>shellPath</key>
			<string>/bin/sh</string>
			<key>shellScript</key>
			<string>diff "${PODS_ROOT}/../Podfile.lock" "${PODS_ROOT}/Manifest.lock" &gt; /dev/null
if [[ $? != 0 ]] ; then
    cat &lt;&lt; EOM
error: The sandbox is not in sync with the Podfile.lock. Run 'pod install' or update your CocoaPods installation.
EOM
    exit 1
fi
</string>
			<key>showEnvVarsInLog</key>
			<string>0</string>
		</dict>
		<key>A7EF5E801A6DF21B005CB89D</key>
		<dict>
			<key>fileEncoding</key>
			<string>4</string>
			<key>isa</key>
			<string>PBXFileReference</string>
			<key>lastKnownFileType</key>
			<string>sourcecode.c.h</string>
			<key>path</key>
			<string>GroupButton.h</string>
			<key>sourceTree</key>
			<string>&lt;group&gt;</string>
		</dict>
		<key>A7EF5E811A6DF21B005CB89D</key>
		<dict>
			<key>fileEncoding</key>
			<string>4</string>
			<key>isa</key>
			<string>PBXFileReference</string>
			<key>lastKnownFileType</key>
			<string>sourcecode.c.objc</string>
			<key>path</key>
			<string>GroupButton.m</string>
			<key>sourceTree</key>
			<string>&lt;group&gt;</string>
		</dict>
		<key>A7EF5E821A6DF21B005CB89D</key>
		<dict>
			<key>fileRef</key>
			<string>A7EF5E811A6DF21B005CB89D</string>
			<key>isa</key>
			<string>PBXBuildFile</string>
		</dict>
		<key>A7EF5E831A6E4143005CB89D</key>
		<dict>
			<key>fileEncoding</key>
			<string>4</string>
			<key>isa</key>
			<string>PBXFileReference</string>
			<key>lastKnownFileType</key>
			<string>sourcecode.c.h</string>
			<key>path</key>
			<string>NSToolbar+Height.h</string>
			<key>sourceTree</key>
			<string>&lt;group&gt;</string>
		</dict>
		<key>A7EF5E841A6E4143005CB89D</key>
		<dict>
			<key>fileEncoding</key>
			<string>4</string>
			<key>isa</key>
			<string>PBXFileReference</string>
			<key>lastKnownFileType</key>
			<string>sourcecode.c.objc</string>
			<key>path</key>
			<string>NSToolbar+Height.m</string>
			<key>sourceTree</key>
			<string>&lt;group&gt;</string>
		</dict>
		<key>A7EF5E851A6E4143005CB89D</key>
		<dict>
			<key>fileRef</key>
			<string>A7EF5E841A6E4143005CB89D</string>
			<key>isa</key>
			<string>PBXBuildFile</string>
		</dict>
		<key>A7EF5E881A6E48F5005CB89D</key>
		<dict>
			<key>buildActionMask</key>
			<string>2147483647</string>
			<key>dstPath</key>
			<string></string>
			<key>dstSubfolderSpec</key>
			<string>10</string>
			<key>files</key>
			<array/>
			<key>isa</key>
			<string>PBXCopyFilesBuildPhase</string>
			<key>runOnlyForDeploymentPostprocessing</key>
			<string>0</string>
		</dict>
		<key>DCA59B132AF451CB54FAFF1E</key>
		<dict>
			<key>explicitFileType</key>
			<string>archive.ar</string>
			<key>includeInIndex</key>
			<string>0</string>
			<key>isa</key>
			<string>PBXFileReference</string>
			<key>path</key>
			<string>libPods.a</string>
			<key>sourceTree</key>
			<string>BUILT_PRODUCTS_DIR</string>
		</dict>
		<key>E065F2DC50A6B3E42FACF984</key>
		<dict>
			<key>children</key>
			<array>
				<string>FC8D1C92450226116A53E86A</string>
				<string>F2A1250F13C1FCB7A6C10E80</string>
			</array>
			<key>isa</key>
			<string>PBXGroup</string>
			<key>name</key>
			<string>Pods</string>
			<key>sourceTree</key>
			<string>&lt;group&gt;</string>
		</dict>
		<key>E0F32111C6D3C2F9C66F056D</key>
		<dict>
			<key>buildActionMask</key>
			<string>2147483647</string>
			<key>files</key>
			<array/>
			<key>inputPaths</key>
			<array/>
			<key>isa</key>
			<string>PBXShellScriptBuildPhase</string>
			<key>name</key>
			<string>Copy Pods Resources</string>
			<key>outputPaths</key>
			<array/>
			<key>runOnlyForDeploymentPostprocessing</key>
			<string>0</string>
			<key>shellPath</key>
			<string>/bin/sh</string>
			<key>shellScript</key>
			<string>"${SRCROOT}/Pods/Target Support Files/Pods/Pods-resources.sh"
</string>
			<key>showEnvVarsInLog</key>
			<string>0</string>
		</dict>
		<key>F2A1250F13C1FCB7A6C10E80</key>
		<dict>
			<key>includeInIndex</key>
			<string>1</string>
			<key>isa</key>
			<string>PBXFileReference</string>
			<key>lastKnownFileType</key>
			<string>text.xcconfig</string>
			<key>name</key>
			<string>Pods.release.xcconfig</string>
			<key>path</key>
			<string>Pods/Target Support Files/Pods/Pods.release.xcconfig</string>
			<key>sourceTree</key>
			<string>&lt;group&gt;</string>
		</dict>
		<key>FC8D1C92450226116A53E86A</key>
		<dict>
			<key>includeInIndex</key>
			<string>1</string>
			<key>isa</key>
			<string>PBXFileReference</string>
			<key>lastKnownFileType</key>
			<string>text.xcconfig</string>
			<key>name</key>
			<string>Pods.debug.xcconfig</string>
			<key>path</key>
			<string>Pods/Target Support Files/Pods/Pods.debug.xcconfig</string>
			<key>sourceTree</key>
			<string>&lt;group&gt;</string>
		</dict>
	</dict>
	<key>rootObject</key>
	<string>0C838D691A6DE1E700CE0C9A</string>
</dict>
</plist>
